// !$*UTF8*$!
{
	archiveVersion = 1;
	classes = {
	};
	objectVersion = 56;
	objects = {

/* Begin PBXBuildFile section */
		4EA37D1CC48FC53E8326FAEA /* Pods_SpaceXLatestLaunch_SpaceXLatestLaunchUITests.framework in Frameworks */ = {isa = PBXBuildFile; fileRef = AA94733B37B2A083EC2CA086 /* Pods_SpaceXLatestLaunch_SpaceXLatestLaunchUITests.framework */; };
		5A88E01554C232A7B9AAC407 /* Pods_SpaceXLatestLaunchTests.framework in Frameworks */ = {isa = PBXBuildFile; fileRef = BA8883152682110CA65389E8 /* Pods_SpaceXLatestLaunchTests.framework */; };
		5C3B6C967322F2C8602447AC /* Pods_SpaceXLatestLaunch.framework in Frameworks */ = {isa = PBXBuildFile; fileRef = F4201671DD9D51672B1F8667 /* Pods_SpaceXLatestLaunch.framework */; };
		B54155392AC6D4150000EA4D /* AppDelegate.swift in Sources */ = {isa = PBXBuildFile; fileRef = B54155382AC6D4150000EA4D /* AppDelegate.swift */; };
		B541553B2AC6D4150000EA4D /* SceneDelegate.swift in Sources */ = {isa = PBXBuildFile; fileRef = B541553A2AC6D4150000EA4D /* SceneDelegate.swift */; };
		B541553D2AC6D4150000EA4D /* ViewController.swift in Sources */ = {isa = PBXBuildFile; fileRef = B541553C2AC6D4150000EA4D /* ViewController.swift */; };
		B54155402AC6D4150000EA4D /* Main.storyboard in Resources */ = {isa = PBXBuildFile; fileRef = B541553E2AC6D4150000EA4D /* Main.storyboard */; };
		B54155422AC6D4160000EA4D /* Assets.xcassets in Resources */ = {isa = PBXBuildFile; fileRef = B54155412AC6D4160000EA4D /* Assets.xcassets */; };
		B54155452AC6D4160000EA4D /* LaunchScreen.storyboard in Resources */ = {isa = PBXBuildFile; fileRef = B54155432AC6D4160000EA4D /* LaunchScreen.storyboard */; };
		B54155502AC6D4160000EA4D /* SpaceXLatestLaunchTests.swift in Sources */ = {isa = PBXBuildFile; fileRef = B541554F2AC6D4160000EA4D /* SpaceXLatestLaunchTests.swift */; };
		B541555A2AC6D4160000EA4D /* SpaceXLatestLaunchUITests.swift in Sources */ = {isa = PBXBuildFile; fileRef = B54155592AC6D4160000EA4D /* SpaceXLatestLaunchUITests.swift */; };
		B541555C2AC6D4160000EA4D /* SpaceXLatestLaunchUITestsLaunchTests.swift in Sources */ = {isa = PBXBuildFile; fileRef = B541555B2AC6D4160000EA4D /* SpaceXLatestLaunchUITestsLaunchTests.swift */; };
		B541556A2AC6D96D0000EA4D /* HomeVC.swift in Sources */ = {isa = PBXBuildFile; fileRef = B54155692AC6D96D0000EA4D /* HomeVC.swift */; };
		B541556D2AC6DA120000EA4D /* Constants.swift in Sources */ = {isa = PBXBuildFile; fileRef = B541556C2AC6DA120000EA4D /* Constants.swift */; };
		B54155702AC6DA540000EA4D /* Networking.swift in Sources */ = {isa = PBXBuildFile; fileRef = B541556F2AC6DA540000EA4D /* Networking.swift */; };
		B54155722AC6DA800000EA4D /* EndpointConfiguration.swift in Sources */ = {isa = PBXBuildFile; fileRef = B54155712AC6DA800000EA4D /* EndpointConfiguration.swift */; };
		B54155742AC6DABB0000EA4D /* CustomHTTPHeader.swift in Sources */ = {isa = PBXBuildFile; fileRef = B54155732AC6DABB0000EA4D /* CustomHTTPHeader.swift */; };
		B566614E2AC6E12C000BE17D /* NetworkError.swift in Sources */ = {isa = PBXBuildFile; fileRef = B566614D2AC6E12C000BE17D /* NetworkError.swift */; };
		B56661512AC6E640000BE17D /* ConnectionManager.swift in Sources */ = {isa = PBXBuildFile; fileRef = B56661502AC6E640000BE17D /* ConnectionManager.swift */; };
		B56661532AC6EB21000BE17D /* LottieManager.swift in Sources */ = {isa = PBXBuildFile; fileRef = B56661522AC6EB21000BE17D /* LottieManager.swift */; };
		B56661552AC6EB7B000BE17D /* LoadingManager.swift in Sources */ = {isa = PBXBuildFile; fileRef = B56661542AC6EB7B000BE17D /* LoadingManager.swift */; };
		B56661592AC6EBDB000BE17D /* LoadingVC.swift in Sources */ = {isa = PBXBuildFile; fileRef = B56661582AC6EBDB000BE17D /* LoadingVC.swift */; };
		B566615C2AC6F0CD000BE17D /* UIApplication+Ext.swift in Sources */ = {isa = PBXBuildFile; fileRef = B566615B2AC6F0CD000BE17D /* UIApplication+Ext.swift */; };
		B56661612AC6F300000BE17D /* LatestLaunchesModel.swift in Sources */ = {isa = PBXBuildFile; fileRef = B56661602AC6F300000BE17D /* LatestLaunchesModel.swift */; };
		B56661652AC6F75C000BE17D /* Routers.swift in Sources */ = {isa = PBXBuildFile; fileRef = B56661642AC6F75C000BE17D /* Routers.swift */; };
		B56661672AC70A9F000BE17D /* RocketModel.swift in Sources */ = {isa = PBXBuildFile; fileRef = B56661662AC70A9F000BE17D /* RocketModel.swift */; };
		B56661692AC70E66000BE17D /* CrewModel.swift in Sources */ = {isa = PBXBuildFile; fileRef = B56661682AC70E66000BE17D /* CrewModel.swift */; };
		B566616B2AC70F2B000BE17D /* CapsuleModel.swift in Sources */ = {isa = PBXBuildFile; fileRef = B566616A2AC70F2B000BE17D /* CapsuleModel.swift */; };
		B566616D2AC71257000BE17D /* LaunchPadsModel.swift in Sources */ = {isa = PBXBuildFile; fileRef = B566616C2AC71257000BE17D /* LaunchPadsModel.swift */; };
		B56661702AC74CD0000BE17D /* StatefulVM.swift in Sources */ = {isa = PBXBuildFile; fileRef = B566616F2AC74CD0000BE17D /* StatefulVM.swift */; };
		B56661722AC74CEB000BE17D /* StatefulDS.swift in Sources */ = {isa = PBXBuildFile; fileRef = B56661712AC74CEB000BE17D /* StatefulDS.swift */; };
		B56661742AC74D26000BE17D /* HomeVM.swift in Sources */ = {isa = PBXBuildFile; fileRef = B56661732AC74D26000BE17D /* HomeVM.swift */; };
		B56661762AC74D51000BE17D /* HomeDS.swift in Sources */ = {isa = PBXBuildFile; fileRef = B56661752AC74D51000BE17D /* HomeDS.swift */; };
		B56661782AC75FDC000BE17D /* NetworkingProtocol.swift in Sources */ = {isa = PBXBuildFile; fileRef = B56661772AC75FDC000BE17D /* NetworkingProtocol.swift */; };
		B566617B2AC76780000BE17D /* MainCell.swift in Sources */ = {isa = PBXBuildFile; fileRef = B566617A2AC76780000BE17D /* MainCell.swift */; };
		B566617D2AC7687B000BE17D /* LaunchCases.swift in Sources */ = {isa = PBXBuildFile; fileRef = B566617C2AC7687B000BE17D /* LaunchCases.swift */; };
		B566617F2AC76A02000BE17D /* PaddingType.swift in Sources */ = {isa = PBXBuildFile; fileRef = B566617E2AC76A02000BE17D /* PaddingType.swift */; };
		B56661812AC76A29000BE17D /* CGFloat+Ext.swift in Sources */ = {isa = PBXBuildFile; fileRef = B56661802AC76A29000BE17D /* CGFloat+Ext.swift */; };
		B56661832AC8020F000BE17D /* Date+Ext.swift in Sources */ = {isa = PBXBuildFile; fileRef = B56661822AC8020F000BE17D /* Date+Ext.swift */; };
		B56661852AC802FB000BE17D /* String+Ext.swift in Sources */ = {isa = PBXBuildFile; fileRef = B56661842AC802FB000BE17D /* String+Ext.swift */; };
		B5BAB0022AC91B71007959EC /* CommonCell.swift in Sources */ = {isa = PBXBuildFile; fileRef = B5BAB0012AC91B71007959EC /* CommonCell.swift */; };
		B5BAB0052AC9222F007959EC /* CommonTitleView.swift in Sources */ = {isa = PBXBuildFile; fileRef = B5BAB0042AC9222E007959EC /* CommonTitleView.swift */; };
		B5BAB0072AC9307D007959EC /* CrewView.swift in Sources */ = {isa = PBXBuildFile; fileRef = B5BAB0062AC9307D007959EC /* CrewView.swift */; };
		B5BAB0092AC930D9007959EC /* RocketView.swift in Sources */ = {isa = PBXBuildFile; fileRef = B5BAB0082AC930D9007959EC /* RocketView.swift */; };
		B5BAB00D2AC93124007959EC /* LaunchpadView.swift in Sources */ = {isa = PBXBuildFile; fileRef = B5BAB00C2AC93124007959EC /* LaunchpadView.swift */; };
		B5C02CDB2ACAC7EF00C1E193 /* Assets.xcassets in Resources */ = {isa = PBXBuildFile; fileRef = B54155412AC6D4160000EA4D /* Assets.xcassets */; };
		B5C02CDD2ACADC7A00C1E193 /* LaunchView.swift in Sources */ = {isa = PBXBuildFile; fileRef = B5C02CDC2ACADC7A00C1E193 /* LaunchView.swift */; };
		B5C02CDF2ACADCE600C1E193 /* UserDefaultsManager.swift in Sources */ = {isa = PBXBuildFile; fileRef = B5C02CDE2ACADCE600C1E193 /* UserDefaultsManager.swift */; };
		B5C02CE12ACADD3700C1E193 /* LatestLaunchManager.swift in Sources */ = {isa = PBXBuildFile; fileRef = B5C02CE02ACADD3700C1E193 /* LatestLaunchManager.swift */; };
		B5E73C692AC950160099AACD /* CrewViewCell.swift in Sources */ = {isa = PBXBuildFile; fileRef = B5E73C682AC950160099AACD /* CrewViewCell.swift */; };
		B5E73C6C2AC965A90099AACD /* RocketViewCell.swift in Sources */ = {isa = PBXBuildFile; fileRef = B5E73C6B2AC965A90099AACD /* RocketViewCell.swift */; };
		B5E73C6E2AC96BE20099AACD /* UIView+Ext.swift in Sources */ = {isa = PBXBuildFile; fileRef = B5E73C6D2AC96BE20099AACD /* UIView+Ext.swift */; };
		B5E73C712AC9C4370099AACD /* MockHomeVC.swift in Sources */ = {isa = PBXBuildFile; fileRef = B5E73C702AC9C4370099AACD /* MockHomeVC.swift */; };
		B5E73C732AC9C4820099AACD /* MockNetworking.swift in Sources */ = {isa = PBXBuildFile; fileRef = B5E73C722AC9C4820099AACD /* MockNetworking.swift */; };
		B5E73C7A2AC9ECBE0099AACD /* WidgetKit.framework in Frameworks */ = {isa = PBXBuildFile; fileRef = B5E73C792AC9ECBD0099AACD /* WidgetKit.framework */; };
		B5E73C7C2AC9ECBE0099AACD /* SwiftUI.framework in Frameworks */ = {isa = PBXBuildFile; fileRef = B5E73C7B2AC9ECBE0099AACD /* SwiftUI.framework */; };
		B5E73C7F2AC9ECBE0099AACD /* LockscreenWidgetsBundle.swift in Sources */ = {isa = PBXBuildFile; fileRef = B5E73C7E2AC9ECBE0099AACD /* LockscreenWidgetsBundle.swift */; };
		B5E73C812AC9ECBE0099AACD /* LockscreenWidgetsLiveActivity.swift in Sources */ = {isa = PBXBuildFile; fileRef = B5E73C802AC9ECBE0099AACD /* LockscreenWidgetsLiveActivity.swift */; };
		B5E73C832AC9ECBE0099AACD /* LockscreenWidgets.swift in Sources */ = {isa = PBXBuildFile; fileRef = B5E73C822AC9ECBE0099AACD /* LockscreenWidgets.swift */; };
		B5E73C862AC9ECC00099AACD /* Assets.xcassets in Resources */ = {isa = PBXBuildFile; fileRef = B5E73C852AC9ECC00099AACD /* Assets.xcassets */; };
		B5E73C882AC9ECC00099AACD /* LockscreenWidgets.intentdefinition in Sources */ = {isa = PBXBuildFile; fileRef = B5E73C842AC9ECBE0099AACD /* LockscreenWidgets.intentdefinition */; };
		B5E73C892AC9ECC00099AACD /* LockscreenWidgets.intentdefinition in Sources */ = {isa = PBXBuildFile; fileRef = B5E73C842AC9ECBE0099AACD /* LockscreenWidgets.intentdefinition */; };
		B5E73C8C2AC9ECC00099AACD /* LockscreenWidgetsExtension.appex in Embed Foundation Extensions */ = {isa = PBXBuildFile; fileRef = B5E73C782AC9ECBD0099AACD /* LockscreenWidgetsExtension.appex */; settings = {ATTRIBUTES = (RemoveHeadersOnCopy, ); }; };
/* End PBXBuildFile section */

/* Begin PBXContainerItemProxy section */
		B541554C2AC6D4160000EA4D /* PBXContainerItemProxy */ = {
			isa = PBXContainerItemProxy;
			containerPortal = B541552D2AC6D4150000EA4D /* Project object */;
			proxyType = 1;
			remoteGlobalIDString = B54155342AC6D4150000EA4D;
			remoteInfo = SpaceXLatestLaunch;
		};
		B54155562AC6D4160000EA4D /* PBXContainerItemProxy */ = {
			isa = PBXContainerItemProxy;
			containerPortal = B541552D2AC6D4150000EA4D /* Project object */;
			proxyType = 1;
			remoteGlobalIDString = B54155342AC6D4150000EA4D;
			remoteInfo = SpaceXLatestLaunch;
		};
		B5E73C8A2AC9ECC00099AACD /* PBXContainerItemProxy */ = {
			isa = PBXContainerItemProxy;
			containerPortal = B541552D2AC6D4150000EA4D /* Project object */;
			proxyType = 1;
			remoteGlobalIDString = B5E73C772AC9ECBD0099AACD;
			remoteInfo = LockscreenWidgetsExtension;
		};
/* End PBXContainerItemProxy section */

/* Begin PBXCopyFilesBuildPhase section */
		B5E73C902AC9ECC10099AACD /* Embed Foundation Extensions */ = {
			isa = PBXCopyFilesBuildPhase;
			buildActionMask = 2147483647;
			dstPath = "";
			dstSubfolderSpec = 13;
			files = (
				B5E73C8C2AC9ECC00099AACD /* LockscreenWidgetsExtension.appex in Embed Foundation Extensions */,
			);
			name = "Embed Foundation Extensions";
			runOnlyForDeploymentPostprocessing = 0;
		};
/* End PBXCopyFilesBuildPhase section */

/* Begin PBXFileReference section */
		0D6AF15937BC2C4219BF0769 /* Pods-SpaceXLatestLaunchTests.release.xcconfig */ = {isa = PBXFileReference; includeInIndex = 1; lastKnownFileType = text.xcconfig; name = "Pods-SpaceXLatestLaunchTests.release.xcconfig"; path = "Target Support Files/Pods-SpaceXLatestLaunchTests/Pods-SpaceXLatestLaunchTests.release.xcconfig"; sourceTree = "<group>"; };
		43386E6D92F673D352F9E304 /* Pods-SpaceXLatestLaunch.debug.xcconfig */ = {isa = PBXFileReference; includeInIndex = 1; lastKnownFileType = text.xcconfig; name = "Pods-SpaceXLatestLaunch.debug.xcconfig"; path = "Target Support Files/Pods-SpaceXLatestLaunch/Pods-SpaceXLatestLaunch.debug.xcconfig"; sourceTree = "<group>"; };
		5265526FCD9F28B338815060 /* Pods-SpaceXLatestLaunch-SpaceXLatestLaunchUITests.debug.xcconfig */ = {isa = PBXFileReference; includeInIndex = 1; lastKnownFileType = text.xcconfig; name = "Pods-SpaceXLatestLaunch-SpaceXLatestLaunchUITests.debug.xcconfig"; path = "Target Support Files/Pods-SpaceXLatestLaunch-SpaceXLatestLaunchUITests/Pods-SpaceXLatestLaunch-SpaceXLatestLaunchUITests.debug.xcconfig"; sourceTree = "<group>"; };
		7B277168EDF6D0872A36FC00 /* Pods-SpaceXLatestLaunch.release.xcconfig */ = {isa = PBXFileReference; includeInIndex = 1; lastKnownFileType = text.xcconfig; name = "Pods-SpaceXLatestLaunch.release.xcconfig"; path = "Target Support Files/Pods-SpaceXLatestLaunch/Pods-SpaceXLatestLaunch.release.xcconfig"; sourceTree = "<group>"; };
		AA94733B37B2A083EC2CA086 /* Pods_SpaceXLatestLaunch_SpaceXLatestLaunchUITests.framework */ = {isa = PBXFileReference; explicitFileType = wrapper.framework; includeInIndex = 0; path = Pods_SpaceXLatestLaunch_SpaceXLatestLaunchUITests.framework; sourceTree = BUILT_PRODUCTS_DIR; };
		B4DD1869A2B7375D367CDF1F /* Pods-SpaceXLatestLaunch-SpaceXLatestLaunchUITests.release.xcconfig */ = {isa = PBXFileReference; includeInIndex = 1; lastKnownFileType = text.xcconfig; name = "Pods-SpaceXLatestLaunch-SpaceXLatestLaunchUITests.release.xcconfig"; path = "Target Support Files/Pods-SpaceXLatestLaunch-SpaceXLatestLaunchUITests/Pods-SpaceXLatestLaunch-SpaceXLatestLaunchUITests.release.xcconfig"; sourceTree = "<group>"; };
		B54155352AC6D4150000EA4D /* SpaceXLatestLaunch.app */ = {isa = PBXFileReference; explicitFileType = wrapper.application; includeInIndex = 0; path = SpaceXLatestLaunch.app; sourceTree = BUILT_PRODUCTS_DIR; };
		B54155382AC6D4150000EA4D /* AppDelegate.swift */ = {isa = PBXFileReference; lastKnownFileType = sourcecode.swift; path = AppDelegate.swift; sourceTree = "<group>"; };
		B541553A2AC6D4150000EA4D /* SceneDelegate.swift */ = {isa = PBXFileReference; lastKnownFileType = sourcecode.swift; path = SceneDelegate.swift; sourceTree = "<group>"; };
		B541553C2AC6D4150000EA4D /* ViewController.swift */ = {isa = PBXFileReference; lastKnownFileType = sourcecode.swift; path = ViewController.swift; sourceTree = "<group>"; };
		B541553F2AC6D4150000EA4D /* Base */ = {isa = PBXFileReference; lastKnownFileType = file.storyboard; name = Base; path = Base.lproj/Main.storyboard; sourceTree = "<group>"; };
		B54155412AC6D4160000EA4D /* Assets.xcassets */ = {isa = PBXFileReference; lastKnownFileType = folder.assetcatalog; path = Assets.xcassets; sourceTree = "<group>"; };
		B54155442AC6D4160000EA4D /* Base */ = {isa = PBXFileReference; lastKnownFileType = file.storyboard; name = Base; path = Base.lproj/LaunchScreen.storyboard; sourceTree = "<group>"; };
		B54155462AC6D4160000EA4D /* Info.plist */ = {isa = PBXFileReference; lastKnownFileType = text.plist.xml; path = Info.plist; sourceTree = "<group>"; };
		B541554B2AC6D4160000EA4D /* SpaceXLatestLaunchTests.xctest */ = {isa = PBXFileReference; explicitFileType = wrapper.cfbundle; includeInIndex = 0; path = SpaceXLatestLaunchTests.xctest; sourceTree = BUILT_PRODUCTS_DIR; };
		B541554F2AC6D4160000EA4D /* SpaceXLatestLaunchTests.swift */ = {isa = PBXFileReference; lastKnownFileType = sourcecode.swift; path = SpaceXLatestLaunchTests.swift; sourceTree = "<group>"; };
		B54155552AC6D4160000EA4D /* SpaceXLatestLaunchUITests.xctest */ = {isa = PBXFileReference; explicitFileType = wrapper.cfbundle; includeInIndex = 0; path = SpaceXLatestLaunchUITests.xctest; sourceTree = BUILT_PRODUCTS_DIR; };
		B54155592AC6D4160000EA4D /* SpaceXLatestLaunchUITests.swift */ = {isa = PBXFileReference; lastKnownFileType = sourcecode.swift; path = SpaceXLatestLaunchUITests.swift; sourceTree = "<group>"; };
		B541555B2AC6D4160000EA4D /* SpaceXLatestLaunchUITestsLaunchTests.swift */ = {isa = PBXFileReference; lastKnownFileType = sourcecode.swift; path = SpaceXLatestLaunchUITestsLaunchTests.swift; sourceTree = "<group>"; };
		B54155692AC6D96D0000EA4D /* HomeVC.swift */ = {isa = PBXFileReference; lastKnownFileType = sourcecode.swift; path = HomeVC.swift; sourceTree = "<group>"; };
		B541556C2AC6DA120000EA4D /* Constants.swift */ = {isa = PBXFileReference; lastKnownFileType = sourcecode.swift; path = Constants.swift; sourceTree = "<group>"; };
		B541556F2AC6DA540000EA4D /* Networking.swift */ = {isa = PBXFileReference; lastKnownFileType = sourcecode.swift; path = Networking.swift; sourceTree = "<group>"; };
		B54155712AC6DA800000EA4D /* EndpointConfiguration.swift */ = {isa = PBXFileReference; lastKnownFileType = sourcecode.swift; path = EndpointConfiguration.swift; sourceTree = "<group>"; };
		B54155732AC6DABB0000EA4D /* CustomHTTPHeader.swift */ = {isa = PBXFileReference; lastKnownFileType = sourcecode.swift; path = CustomHTTPHeader.swift; sourceTree = "<group>"; };
		B566614D2AC6E12C000BE17D /* NetworkError.swift */ = {isa = PBXFileReference; lastKnownFileType = sourcecode.swift; path = NetworkError.swift; sourceTree = "<group>"; };
		B56661502AC6E640000BE17D /* ConnectionManager.swift */ = {isa = PBXFileReference; lastKnownFileType = sourcecode.swift; path = ConnectionManager.swift; sourceTree = "<group>"; };
		B56661522AC6EB21000BE17D /* LottieManager.swift */ = {isa = PBXFileReference; lastKnownFileType = sourcecode.swift; path = LottieManager.swift; sourceTree = "<group>"; };
		B56661542AC6EB7B000BE17D /* LoadingManager.swift */ = {isa = PBXFileReference; lastKnownFileType = sourcecode.swift; path = LoadingManager.swift; sourceTree = "<group>"; };
		B56661582AC6EBDB000BE17D /* LoadingVC.swift */ = {isa = PBXFileReference; lastKnownFileType = sourcecode.swift; path = LoadingVC.swift; sourceTree = "<group>"; };
		B566615B2AC6F0CD000BE17D /* UIApplication+Ext.swift */ = {isa = PBXFileReference; lastKnownFileType = sourcecode.swift; path = "UIApplication+Ext.swift"; sourceTree = "<group>"; };
		B56661602AC6F300000BE17D /* LatestLaunchesModel.swift */ = {isa = PBXFileReference; lastKnownFileType = sourcecode.swift; path = LatestLaunchesModel.swift; sourceTree = "<group>"; };
		B56661642AC6F75C000BE17D /* Routers.swift */ = {isa = PBXFileReference; lastKnownFileType = sourcecode.swift; path = Routers.swift; sourceTree = "<group>"; };
		B56661662AC70A9F000BE17D /* RocketModel.swift */ = {isa = PBXFileReference; lastKnownFileType = sourcecode.swift; path = RocketModel.swift; sourceTree = "<group>"; };
		B56661682AC70E66000BE17D /* CrewModel.swift */ = {isa = PBXFileReference; lastKnownFileType = sourcecode.swift; path = CrewModel.swift; sourceTree = "<group>"; };
		B566616A2AC70F2B000BE17D /* CapsuleModel.swift */ = {isa = PBXFileReference; lastKnownFileType = sourcecode.swift; path = CapsuleModel.swift; sourceTree = "<group>"; };
		B566616C2AC71257000BE17D /* LaunchPadsModel.swift */ = {isa = PBXFileReference; lastKnownFileType = sourcecode.swift; path = LaunchPadsModel.swift; sourceTree = "<group>"; };
		B566616F2AC74CD0000BE17D /* StatefulVM.swift */ = {isa = PBXFileReference; lastKnownFileType = sourcecode.swift; path = StatefulVM.swift; sourceTree = "<group>"; };
		B56661712AC74CEB000BE17D /* StatefulDS.swift */ = {isa = PBXFileReference; lastKnownFileType = sourcecode.swift; path = StatefulDS.swift; sourceTree = "<group>"; };
		B56661732AC74D26000BE17D /* HomeVM.swift */ = {isa = PBXFileReference; lastKnownFileType = sourcecode.swift; path = HomeVM.swift; sourceTree = "<group>"; };
		B56661752AC74D51000BE17D /* HomeDS.swift */ = {isa = PBXFileReference; lastKnownFileType = sourcecode.swift; path = HomeDS.swift; sourceTree = "<group>"; };
		B56661772AC75FDC000BE17D /* NetworkingProtocol.swift */ = {isa = PBXFileReference; lastKnownFileType = sourcecode.swift; path = NetworkingProtocol.swift; sourceTree = "<group>"; };
		B566617A2AC76780000BE17D /* MainCell.swift */ = {isa = PBXFileReference; lastKnownFileType = sourcecode.swift; path = MainCell.swift; sourceTree = "<group>"; };
		B566617C2AC7687B000BE17D /* LaunchCases.swift */ = {isa = PBXFileReference; lastKnownFileType = sourcecode.swift; path = LaunchCases.swift; sourceTree = "<group>"; };
		B566617E2AC76A02000BE17D /* PaddingType.swift */ = {isa = PBXFileReference; lastKnownFileType = sourcecode.swift; path = PaddingType.swift; sourceTree = "<group>"; };
		B56661802AC76A29000BE17D /* CGFloat+Ext.swift */ = {isa = PBXFileReference; lastKnownFileType = sourcecode.swift; path = "CGFloat+Ext.swift"; sourceTree = "<group>"; };
		B56661822AC8020F000BE17D /* Date+Ext.swift */ = {isa = PBXFileReference; lastKnownFileType = sourcecode.swift; path = "Date+Ext.swift"; sourceTree = "<group>"; };
		B56661842AC802FB000BE17D /* String+Ext.swift */ = {isa = PBXFileReference; lastKnownFileType = sourcecode.swift; path = "String+Ext.swift"; sourceTree = "<group>"; };
		B5BAB0012AC91B71007959EC /* CommonCell.swift */ = {isa = PBXFileReference; lastKnownFileType = sourcecode.swift; path = CommonCell.swift; sourceTree = "<group>"; };
		B5BAB0042AC9222E007959EC /* CommonTitleView.swift */ = {isa = PBXFileReference; lastKnownFileType = sourcecode.swift; path = CommonTitleView.swift; sourceTree = "<group>"; };
		B5BAB0062AC9307D007959EC /* CrewView.swift */ = {isa = PBXFileReference; lastKnownFileType = sourcecode.swift; path = CrewView.swift; sourceTree = "<group>"; };
		B5BAB0082AC930D9007959EC /* RocketView.swift */ = {isa = PBXFileReference; lastKnownFileType = sourcecode.swift; path = RocketView.swift; sourceTree = "<group>"; };
		B5BAB00C2AC93124007959EC /* LaunchpadView.swift */ = {isa = PBXFileReference; lastKnownFileType = sourcecode.swift; path = LaunchpadView.swift; sourceTree = "<group>"; };
		B5C02CDC2ACADC7A00C1E193 /* LaunchView.swift */ = {isa = PBXFileReference; lastKnownFileType = sourcecode.swift; path = LaunchView.swift; sourceTree = "<group>"; };
		B5C02CDE2ACADCE600C1E193 /* UserDefaultsManager.swift */ = {isa = PBXFileReference; lastKnownFileType = sourcecode.swift; path = UserDefaultsManager.swift; sourceTree = "<group>"; };
		B5C02CE02ACADD3700C1E193 /* LatestLaunchManager.swift */ = {isa = PBXFileReference; lastKnownFileType = sourcecode.swift; path = LatestLaunchManager.swift; sourceTree = "<group>"; };
		B5E73C682AC950160099AACD /* CrewViewCell.swift */ = {isa = PBXFileReference; lastKnownFileType = sourcecode.swift; path = CrewViewCell.swift; sourceTree = "<group>"; };
		B5E73C6B2AC965A90099AACD /* RocketViewCell.swift */ = {isa = PBXFileReference; lastKnownFileType = sourcecode.swift; path = RocketViewCell.swift; sourceTree = "<group>"; };
		B5E73C6D2AC96BE20099AACD /* UIView+Ext.swift */ = {isa = PBXFileReference; lastKnownFileType = sourcecode.swift; path = "UIView+Ext.swift"; sourceTree = "<group>"; };
		B5E73C702AC9C4370099AACD /* MockHomeVC.swift */ = {isa = PBXFileReference; lastKnownFileType = sourcecode.swift; path = MockHomeVC.swift; sourceTree = "<group>"; };
		B5E73C722AC9C4820099AACD /* MockNetworking.swift */ = {isa = PBXFileReference; lastKnownFileType = sourcecode.swift; path = MockNetworking.swift; sourceTree = "<group>"; };
		B5E73C782AC9ECBD0099AACD /* LockscreenWidgetsExtension.appex */ = {isa = PBXFileReference; explicitFileType = "wrapper.app-extension"; includeInIndex = 0; path = LockscreenWidgetsExtension.appex; sourceTree = BUILT_PRODUCTS_DIR; };
		B5E73C792AC9ECBD0099AACD /* WidgetKit.framework */ = {isa = PBXFileReference; lastKnownFileType = wrapper.framework; name = WidgetKit.framework; path = System/Library/Frameworks/WidgetKit.framework; sourceTree = SDKROOT; };
		B5E73C7B2AC9ECBE0099AACD /* SwiftUI.framework */ = {isa = PBXFileReference; lastKnownFileType = wrapper.framework; name = SwiftUI.framework; path = System/Library/Frameworks/SwiftUI.framework; sourceTree = SDKROOT; };
		B5E73C7E2AC9ECBE0099AACD /* LockscreenWidgetsBundle.swift */ = {isa = PBXFileReference; lastKnownFileType = sourcecode.swift; path = LockscreenWidgetsBundle.swift; sourceTree = "<group>"; };
		B5E73C802AC9ECBE0099AACD /* LockscreenWidgetsLiveActivity.swift */ = {isa = PBXFileReference; lastKnownFileType = sourcecode.swift; path = LockscreenWidgetsLiveActivity.swift; sourceTree = "<group>"; };
		B5E73C822AC9ECBE0099AACD /* LockscreenWidgets.swift */ = {isa = PBXFileReference; lastKnownFileType = sourcecode.swift; path = LockscreenWidgets.swift; sourceTree = "<group>"; };
		B5E73C842AC9ECBE0099AACD /* LockscreenWidgets.intentdefinition */ = {isa = PBXFileReference; lastKnownFileType = file.intentdefinition; path = LockscreenWidgets.intentdefinition; sourceTree = "<group>"; };
		B5E73C852AC9ECC00099AACD /* Assets.xcassets */ = {isa = PBXFileReference; lastKnownFileType = folder.assetcatalog; path = Assets.xcassets; sourceTree = "<group>"; };
		B5E73C872AC9ECC00099AACD /* Info.plist */ = {isa = PBXFileReference; lastKnownFileType = text.plist.xml; path = Info.plist; sourceTree = "<group>"; };
		BA8883152682110CA65389E8 /* Pods_SpaceXLatestLaunchTests.framework */ = {isa = PBXFileReference; explicitFileType = wrapper.framework; includeInIndex = 0; path = Pods_SpaceXLatestLaunchTests.framework; sourceTree = BUILT_PRODUCTS_DIR; };
		F4201671DD9D51672B1F8667 /* Pods_SpaceXLatestLaunch.framework */ = {isa = PBXFileReference; explicitFileType = wrapper.framework; includeInIndex = 0; path = Pods_SpaceXLatestLaunch.framework; sourceTree = BUILT_PRODUCTS_DIR; };
		FF721C9262663BC336F2A81C /* Pods-SpaceXLatestLaunchTests.debug.xcconfig */ = {isa = PBXFileReference; includeInIndex = 1; lastKnownFileType = text.xcconfig; name = "Pods-SpaceXLatestLaunchTests.debug.xcconfig"; path = "Target Support Files/Pods-SpaceXLatestLaunchTests/Pods-SpaceXLatestLaunchTests.debug.xcconfig"; sourceTree = "<group>"; };
/* End PBXFileReference section */

/* Begin PBXFrameworksBuildPhase section */
		B54155322AC6D4150000EA4D /* Frameworks */ = {
			isa = PBXFrameworksBuildPhase;
			buildActionMask = 2147483647;
			files = (
				5C3B6C967322F2C8602447AC /* Pods_SpaceXLatestLaunch.framework in Frameworks */,
			);
			runOnlyForDeploymentPostprocessing = 0;
		};
		B54155482AC6D4160000EA4D /* Frameworks */ = {
			isa = PBXFrameworksBuildPhase;
			buildActionMask = 2147483647;
			files = (
				5A88E01554C232A7B9AAC407 /* Pods_SpaceXLatestLaunchTests.framework in Frameworks */,
			);
			runOnlyForDeploymentPostprocessing = 0;
		};
		B54155522AC6D4160000EA4D /* Frameworks */ = {
			isa = PBXFrameworksBuildPhase;
			buildActionMask = 2147483647;
			files = (
				4EA37D1CC48FC53E8326FAEA /* Pods_SpaceXLatestLaunch_SpaceXLatestLaunchUITests.framework in Frameworks */,
			);
			runOnlyForDeploymentPostprocessing = 0;
		};
		B5E73C752AC9ECBD0099AACD /* Frameworks */ = {
			isa = PBXFrameworksBuildPhase;
			buildActionMask = 2147483647;
			files = (
				B5E73C7C2AC9ECBE0099AACD /* SwiftUI.framework in Frameworks */,
				B5E73C7A2AC9ECBE0099AACD /* WidgetKit.framework in Frameworks */,
			);
			runOnlyForDeploymentPostprocessing = 0;
		};
/* End PBXFrameworksBuildPhase section */

/* Begin PBXGroup section */
		0C14B4ED3C593C06B185FDD9 /* Frameworks */ = {
			isa = PBXGroup;
			children = (
				F4201671DD9D51672B1F8667 /* Pods_SpaceXLatestLaunch.framework */,
				AA94733B37B2A083EC2CA086 /* Pods_SpaceXLatestLaunch_SpaceXLatestLaunchUITests.framework */,
				BA8883152682110CA65389E8 /* Pods_SpaceXLatestLaunchTests.framework */,
				B5E73C792AC9ECBD0099AACD /* WidgetKit.framework */,
				B5E73C7B2AC9ECBE0099AACD /* SwiftUI.framework */,
			);
			name = Frameworks;
			sourceTree = "<group>";
		};
		0D664EF8151B30FF3815C5D3 /* Pods */ = {
			isa = PBXGroup;
			children = (
				43386E6D92F673D352F9E304 /* Pods-SpaceXLatestLaunch.debug.xcconfig */,
				7B277168EDF6D0872A36FC00 /* Pods-SpaceXLatestLaunch.release.xcconfig */,
				5265526FCD9F28B338815060 /* Pods-SpaceXLatestLaunch-SpaceXLatestLaunchUITests.debug.xcconfig */,
				B4DD1869A2B7375D367CDF1F /* Pods-SpaceXLatestLaunch-SpaceXLatestLaunchUITests.release.xcconfig */,
				FF721C9262663BC336F2A81C /* Pods-SpaceXLatestLaunchTests.debug.xcconfig */,
				0D6AF15937BC2C4219BF0769 /* Pods-SpaceXLatestLaunchTests.release.xcconfig */,
			);
			path = Pods;
			sourceTree = "<group>";
		};
		B541552C2AC6D4150000EA4D = {
			isa = PBXGroup;
			children = (
				B54155372AC6D4150000EA4D /* SpaceXLatestLaunch */,
				B541554E2AC6D4160000EA4D /* SpaceXLatestLaunchTests */,
				B54155582AC6D4160000EA4D /* SpaceXLatestLaunchUITests */,
				B5E73C7D2AC9ECBE0099AACD /* LockscreenWidgets */,
				B54155362AC6D4150000EA4D /* Products */,
				0D664EF8151B30FF3815C5D3 /* Pods */,
				0C14B4ED3C593C06B185FDD9 /* Frameworks */,
			);
			sourceTree = "<group>";
		};
		B54155362AC6D4150000EA4D /* Products */ = {
			isa = PBXGroup;
			children = (
				B54155352AC6D4150000EA4D /* SpaceXLatestLaunch.app */,
				B541554B2AC6D4160000EA4D /* SpaceXLatestLaunchTests.xctest */,
				B54155552AC6D4160000EA4D /* SpaceXLatestLaunchUITests.xctest */,
				B5E73C782AC9ECBD0099AACD /* LockscreenWidgetsExtension.appex */,
			);
			name = Products;
			sourceTree = "<group>";
		};
		B54155372AC6D4150000EA4D /* SpaceXLatestLaunch */ = {
			isa = PBXGroup;
			children = (
				B5BAB0032AC92219007959EC /* Components */,
				B56661562AC6EBB9000BE17D /* Controllers */,
				B541556E2AC6DA470000EA4D /* Networking */,
				B541556B2AC6D9E00000EA4D /* Helpers */,
				B566616E2AC74C19000BE17D /* Core */,
				B54155462AC6D4160000EA4D /* Info.plist */,
			);
			path = SpaceXLatestLaunch;
			sourceTree = "<group>";
		};
		B541554E2AC6D4160000EA4D /* SpaceXLatestLaunchTests */ = {
			isa = PBXGroup;
			children = (
				B541554F2AC6D4160000EA4D /* SpaceXLatestLaunchTests.swift */,
				B5E73C702AC9C4370099AACD /* MockHomeVC.swift */,
				B5E73C722AC9C4820099AACD /* MockNetworking.swift */,
			);
			path = SpaceXLatestLaunchTests;
			sourceTree = "<group>";
		};
		B54155582AC6D4160000EA4D /* SpaceXLatestLaunchUITests */ = {
			isa = PBXGroup;
			children = (
				B54155592AC6D4160000EA4D /* SpaceXLatestLaunchUITests.swift */,
				B541555B2AC6D4160000EA4D /* SpaceXLatestLaunchUITestsLaunchTests.swift */,
			);
			path = SpaceXLatestLaunchUITests;
			sourceTree = "<group>";
		};
		B54155682AC6D9620000EA4D /* Home */ = {
			isa = PBXGroup;
			children = (
				B56661792AC7676C000BE17D /* Cells */,
				B54155692AC6D96D0000EA4D /* HomeVC.swift */,
				B56661732AC74D26000BE17D /* HomeVM.swift */,
				B56661752AC74D51000BE17D /* HomeDS.swift */,
			);
			path = Home;
			sourceTree = "<group>";
		};
		B541556B2AC6D9E00000EA4D /* Helpers */ = {
			isa = PBXGroup;
			children = (
				B566615D2AC6F1A2000BE17D /* Enums */,
				B566615A2AC6F0C3000BE17D /* Extensions */,
				B566614F2AC6E63A000BE17D /* Managers */,
				B541556C2AC6DA120000EA4D /* Constants.swift */,
				B566616F2AC74CD0000BE17D /* StatefulVM.swift */,
				B56661712AC74CEB000BE17D /* StatefulDS.swift */,
			);
			path = Helpers;
			sourceTree = "<group>";
		};
		B541556E2AC6DA470000EA4D /* Networking */ = {
			isa = PBXGroup;
			children = (
				B566615F2AC6F214000BE17D /* Router */,
				B566615E2AC6F210000BE17D /* Model */,
				B541556F2AC6DA540000EA4D /* Networking.swift */,
				B56661772AC75FDC000BE17D /* NetworkingProtocol.swift */,
			);
			path = Networking;
			sourceTree = "<group>";
		};
		B566614F2AC6E63A000BE17D /* Managers */ = {
			isa = PBXGroup;
			children = (
				B56661502AC6E640000BE17D /* ConnectionManager.swift */,
				B56661522AC6EB21000BE17D /* LottieManager.swift */,
				B56661542AC6EB7B000BE17D /* LoadingManager.swift */,
				B5C02CDE2ACADCE600C1E193 /* UserDefaultsManager.swift */,
				B5C02CE02ACADD3700C1E193 /* LatestLaunchManager.swift */,
			);
			path = Managers;
			sourceTree = "<group>";
		};
		B56661562AC6EBB9000BE17D /* Controllers */ = {
			isa = PBXGroup;
			children = (
				B56661572AC6EBC7000BE17D /* LoadingVC */,
				B54155682AC6D9620000EA4D /* Home */,
			);
			path = Controllers;
			sourceTree = "<group>";
		};
		B56661572AC6EBC7000BE17D /* LoadingVC */ = {
			isa = PBXGroup;
			children = (
				B56661582AC6EBDB000BE17D /* LoadingVC.swift */,
			);
			path = LoadingVC;
			sourceTree = "<group>";
		};
		B566615A2AC6F0C3000BE17D /* Extensions */ = {
			isa = PBXGroup;
			children = (
				B566615B2AC6F0CD000BE17D /* UIApplication+Ext.swift */,
				B56661802AC76A29000BE17D /* CGFloat+Ext.swift */,
				B56661822AC8020F000BE17D /* Date+Ext.swift */,
				B56661842AC802FB000BE17D /* String+Ext.swift */,
				B5E73C6D2AC96BE20099AACD /* UIView+Ext.swift */,
			);
			path = Extensions;
			sourceTree = "<group>";
		};
		B566615D2AC6F1A2000BE17D /* Enums */ = {
			isa = PBXGroup;
			children = (
				B566614D2AC6E12C000BE17D /* NetworkError.swift */,
				B54155712AC6DA800000EA4D /* EndpointConfiguration.swift */,
				B54155732AC6DABB0000EA4D /* CustomHTTPHeader.swift */,
				B566617C2AC7687B000BE17D /* LaunchCases.swift */,
				B566617E2AC76A02000BE17D /* PaddingType.swift */,
			);
			path = Enums;
			sourceTree = "<group>";
		};
		B566615E2AC6F210000BE17D /* Model */ = {
			isa = PBXGroup;
			children = (
				B56661602AC6F300000BE17D /* LatestLaunchesModel.swift */,
				B56661662AC70A9F000BE17D /* RocketModel.swift */,
				B56661682AC70E66000BE17D /* CrewModel.swift */,
				B566616A2AC70F2B000BE17D /* CapsuleModel.swift */,
				B566616C2AC71257000BE17D /* LaunchPadsModel.swift */,
			);
			path = Model;
			sourceTree = "<group>";
		};
		B566615F2AC6F214000BE17D /* Router */ = {
			isa = PBXGroup;
			children = (
				B56661642AC6F75C000BE17D /* Routers.swift */,
			);
			path = Router;
			sourceTree = "<group>";
		};
		B566616E2AC74C19000BE17D /* Core */ = {
			isa = PBXGroup;
			children = (
				B54155382AC6D4150000EA4D /* AppDelegate.swift */,
				B541553A2AC6D4150000EA4D /* SceneDelegate.swift */,
				B541553C2AC6D4150000EA4D /* ViewController.swift */,
				B541553E2AC6D4150000EA4D /* Main.storyboard */,
				B54155412AC6D4160000EA4D /* Assets.xcassets */,
				B54155432AC6D4160000EA4D /* LaunchScreen.storyboard */,
			);
			path = Core;
			sourceTree = "<group>";
		};
		B56661792AC7676C000BE17D /* Cells */ = {
			isa = PBXGroup;
			children = (
				B566617A2AC76780000BE17D /* MainCell.swift */,
				B5BAB0012AC91B71007959EC /* CommonCell.swift */,
			);
			path = Cells;
			sourceTree = "<group>";
		};
		B5BAB0032AC92219007959EC /* Components */ = {
			isa = PBXGroup;
			children = (
				B5E73C6F2AC986190099AACD /* LaunchpadView */,
				B5E73C6A2AC9651C0099AACD /* RocketView */,
				B5BAB00E2AC94FCF007959EC /* CrewView */,
				B5BAB0042AC9222E007959EC /* CommonTitleView.swift */,
			);
			path = Components;
			sourceTree = "<group>";
		};
		B5BAB00E2AC94FCF007959EC /* CrewView */ = {
			isa = PBXGroup;
			children = (
				B5BAB0062AC9307D007959EC /* CrewView.swift */,
				B5E73C682AC950160099AACD /* CrewViewCell.swift */,
			);
			path = CrewView;
			sourceTree = "<group>";
		};
		B5E73C6A2AC9651C0099AACD /* RocketView */ = {
			isa = PBXGroup;
			children = (
				B5BAB0082AC930D9007959EC /* RocketView.swift */,
				B5E73C6B2AC965A90099AACD /* RocketViewCell.swift */,
			);
			path = RocketView;
			sourceTree = "<group>";
		};
		B5E73C6F2AC986190099AACD /* LaunchpadView */ = {
			isa = PBXGroup;
			children = (
				B5BAB00C2AC93124007959EC /* LaunchpadView.swift */,
			);
			path = LaunchpadView;
			sourceTree = "<group>";
		};
		B5E73C7D2AC9ECBE0099AACD /* LockscreenWidgets */ = {
			isa = PBXGroup;
			children = (
				B5E73C7E2AC9ECBE0099AACD /* LockscreenWidgetsBundle.swift */,
				B5E73C802AC9ECBE0099AACD /* LockscreenWidgetsLiveActivity.swift */,
				B5E73C822AC9ECBE0099AACD /* LockscreenWidgets.swift */,
				B5E73C842AC9ECBE0099AACD /* LockscreenWidgets.intentdefinition */,
				B5E73C852AC9ECC00099AACD /* Assets.xcassets */,
				B5E73C872AC9ECC00099AACD /* Info.plist */,
				B5C02CDC2ACADC7A00C1E193 /* LaunchView.swift */,
			);
			path = LockscreenWidgets;
			sourceTree = "<group>";
		};
/* End PBXGroup section */

/* Begin PBXNativeTarget section */
		B54155342AC6D4150000EA4D /* SpaceXLatestLaunch */ = {
			isa = PBXNativeTarget;
			buildConfigurationList = B541555F2AC6D4160000EA4D /* Build configuration list for PBXNativeTarget "SpaceXLatestLaunch" */;
			buildPhases = (
				07A63A415DA553973FB92D4C /* [CP] Check Pods Manifest.lock */,
				B54155312AC6D4150000EA4D /* Sources */,
				B54155322AC6D4150000EA4D /* Frameworks */,
				B54155332AC6D4150000EA4D /* Resources */,
				2B2D149AA241B71D618FA491 /* [CP] Embed Pods Frameworks */,
				B5E73C902AC9ECC10099AACD /* Embed Foundation Extensions */,
			);
			buildRules = (
			);
			dependencies = (
				B5E73C8B2AC9ECC00099AACD /* PBXTargetDependency */,
			);
			name = SpaceXLatestLaunch;
			productName = SpaceXLatestLaunch;
			productReference = B54155352AC6D4150000EA4D /* SpaceXLatestLaunch.app */;
			productType = "com.apple.product-type.application";
		};
		B541554A2AC6D4160000EA4D /* SpaceXLatestLaunchTests */ = {
			isa = PBXNativeTarget;
			buildConfigurationList = B54155622AC6D4160000EA4D /* Build configuration list for PBXNativeTarget "SpaceXLatestLaunchTests" */;
			buildPhases = (
				E61579E938CF2D8649C3B930 /* [CP] Check Pods Manifest.lock */,
				B54155472AC6D4160000EA4D /* Sources */,
				B54155482AC6D4160000EA4D /* Frameworks */,
				B54155492AC6D4160000EA4D /* Resources */,
			);
			buildRules = (
			);
			dependencies = (
				B541554D2AC6D4160000EA4D /* PBXTargetDependency */,
			);
			name = SpaceXLatestLaunchTests;
			productName = SpaceXLatestLaunchTests;
			productReference = B541554B2AC6D4160000EA4D /* SpaceXLatestLaunchTests.xctest */;
			productType = "com.apple.product-type.bundle.unit-test";
		};
		B54155542AC6D4160000EA4D /* SpaceXLatestLaunchUITests */ = {
			isa = PBXNativeTarget;
			buildConfigurationList = B54155652AC6D4160000EA4D /* Build configuration list for PBXNativeTarget "SpaceXLatestLaunchUITests" */;
			buildPhases = (
				C77672E7169D3C5214FC8351 /* [CP] Check Pods Manifest.lock */,
				B54155512AC6D4160000EA4D /* Sources */,
				B54155522AC6D4160000EA4D /* Frameworks */,
				B54155532AC6D4160000EA4D /* Resources */,
				B7C9DEED1D359853464D34B5 /* [CP] Embed Pods Frameworks */,
			);
			buildRules = (
			);
			dependencies = (
				B54155572AC6D4160000EA4D /* PBXTargetDependency */,
			);
			name = SpaceXLatestLaunchUITests;
			productName = SpaceXLatestLaunchUITests;
			productReference = B54155552AC6D4160000EA4D /* SpaceXLatestLaunchUITests.xctest */;
			productType = "com.apple.product-type.bundle.ui-testing";
		};
		B5E73C772AC9ECBD0099AACD /* LockscreenWidgetsExtension */ = {
			isa = PBXNativeTarget;
			buildConfigurationList = B5E73C8D2AC9ECC10099AACD /* Build configuration list for PBXNativeTarget "LockscreenWidgetsExtension" */;
			buildPhases = (
				B5E73C742AC9ECBD0099AACD /* Sources */,
				B5E73C752AC9ECBD0099AACD /* Frameworks */,
				B5E73C762AC9ECBD0099AACD /* Resources */,
			);
			buildRules = (
			);
			dependencies = (
			);
			name = LockscreenWidgetsExtension;
			productName = LockscreenWidgetsExtension;
			productReference = B5E73C782AC9ECBD0099AACD /* LockscreenWidgetsExtension.appex */;
			productType = "com.apple.product-type.app-extension";
		};
/* End PBXNativeTarget section */

/* Begin PBXProject section */
		B541552D2AC6D4150000EA4D /* Project object */ = {
			isa = PBXProject;
			attributes = {
				BuildIndependentTargetsInParallel = 1;
				LastSwiftUpdateCheck = 1420;
				LastUpgradeCheck = 1420;
				TargetAttributes = {
					B54155342AC6D4150000EA4D = {
						CreatedOnToolsVersion = 14.2;
					};
					B541554A2AC6D4160000EA4D = {
						CreatedOnToolsVersion = 14.2;
						TestTargetID = B54155342AC6D4150000EA4D;
					};
					B54155542AC6D4160000EA4D = {
						CreatedOnToolsVersion = 14.2;
						TestTargetID = B54155342AC6D4150000EA4D;
					};
					B5E73C772AC9ECBD0099AACD = {
						CreatedOnToolsVersion = 14.2;
					};
				};
			};
			buildConfigurationList = B54155302AC6D4150000EA4D /* Build configuration list for PBXProject "SpaceXLatestLaunch" */;
			compatibilityVersion = "Xcode 14.0";
			developmentRegion = en;
			hasScannedForEncodings = 0;
			knownRegions = (
				en,
				Base,
			);
			mainGroup = B541552C2AC6D4150000EA4D;
			productRefGroup = B54155362AC6D4150000EA4D /* Products */;
			projectDirPath = "";
			projectRoot = "";
			targets = (
				B54155342AC6D4150000EA4D /* SpaceXLatestLaunch */,
				B541554A2AC6D4160000EA4D /* SpaceXLatestLaunchTests */,
				B54155542AC6D4160000EA4D /* SpaceXLatestLaunchUITests */,
				B5E73C772AC9ECBD0099AACD /* LockscreenWidgetsExtension */,
			);
		};
/* End PBXProject section */

/* Begin PBXResourcesBuildPhase section */
		B54155332AC6D4150000EA4D /* Resources */ = {
			isa = PBXResourcesBuildPhase;
			buildActionMask = 2147483647;
			files = (
				B54155452AC6D4160000EA4D /* LaunchScreen.storyboard in Resources */,
				B54155422AC6D4160000EA4D /* Assets.xcassets in Resources */,
				B54155402AC6D4150000EA4D /* Main.storyboard in Resources */,
			);
			runOnlyForDeploymentPostprocessing = 0;
		};
		B54155492AC6D4160000EA4D /* Resources */ = {
			isa = PBXResourcesBuildPhase;
			buildActionMask = 2147483647;
			files = (
			);
			runOnlyForDeploymentPostprocessing = 0;
		};
		B54155532AC6D4160000EA4D /* Resources */ = {
			isa = PBXResourcesBuildPhase;
			buildActionMask = 2147483647;
			files = (
			);
			runOnlyForDeploymentPostprocessing = 0;
		};
		B5E73C762AC9ECBD0099AACD /* Resources */ = {
			isa = PBXResourcesBuildPhase;
			buildActionMask = 2147483647;
			files = (
				B5C02CDB2ACAC7EF00C1E193 /* Assets.xcassets in Resources */,
				B5E73C862AC9ECC00099AACD /* Assets.xcassets in Resources */,
			);
			runOnlyForDeploymentPostprocessing = 0;
		};
/* End PBXResourcesBuildPhase section */

/* Begin PBXShellScriptBuildPhase section */
		07A63A415DA553973FB92D4C /* [CP] Check Pods Manifest.lock */ = {
			isa = PBXShellScriptBuildPhase;
			buildActionMask = 2147483647;
			files = (
			);
			inputFileListPaths = (
			);
			inputPaths = (
				"${PODS_PODFILE_DIR_PATH}/Podfile.lock",
				"${PODS_ROOT}/Manifest.lock",
			);
			name = "[CP] Check Pods Manifest.lock";
			outputFileListPaths = (
			);
			outputPaths = (
				"$(DERIVED_FILE_DIR)/Pods-SpaceXLatestLaunch-checkManifestLockResult.txt",
			);
			runOnlyForDeploymentPostprocessing = 0;
			shellPath = /bin/sh;
			shellScript = "diff \"${PODS_PODFILE_DIR_PATH}/Podfile.lock\" \"${PODS_ROOT}/Manifest.lock\" > /dev/null\nif [ $? != 0 ] ; then\n    # print error to STDERR\n    echo \"error: The sandbox is not in sync with the Podfile.lock. Run 'pod install' or update your CocoaPods installation.\" >&2\n    exit 1\nfi\n# This output is used by Xcode 'outputs' to avoid re-running this script phase.\necho \"SUCCESS\" > \"${SCRIPT_OUTPUT_FILE_0}\"\n";
			showEnvVarsInLog = 0;
		};
		2B2D149AA241B71D618FA491 /* [CP] Embed Pods Frameworks */ = {
			isa = PBXShellScriptBuildPhase;
			buildActionMask = 2147483647;
			files = (
			);
			inputFileListPaths = (
				"${PODS_ROOT}/Target Support Files/Pods-SpaceXLatestLaunch/Pods-SpaceXLatestLaunch-frameworks-${CONFIGURATION}-input-files.xcfilelist",
			);
			name = "[CP] Embed Pods Frameworks";
			outputFileListPaths = (
				"${PODS_ROOT}/Target Support Files/Pods-SpaceXLatestLaunch/Pods-SpaceXLatestLaunch-frameworks-${CONFIGURATION}-output-files.xcfilelist",
			);
			runOnlyForDeploymentPostprocessing = 0;
			shellPath = /bin/sh;
			shellScript = "\"${PODS_ROOT}/Target Support Files/Pods-SpaceXLatestLaunch/Pods-SpaceXLatestLaunch-frameworks.sh\"\n";
			showEnvVarsInLog = 0;
		};
		B7C9DEED1D359853464D34B5 /* [CP] Embed Pods Frameworks */ = {
			isa = PBXShellScriptBuildPhase;
			buildActionMask = 2147483647;
			files = (
			);
			inputFileListPaths = (
				"${PODS_ROOT}/Target Support Files/Pods-SpaceXLatestLaunch-SpaceXLatestLaunchUITests/Pods-SpaceXLatestLaunch-SpaceXLatestLaunchUITests-frameworks-${CONFIGURATION}-input-files.xcfilelist",
			);
			name = "[CP] Embed Pods Frameworks";
			outputFileListPaths = (
				"${PODS_ROOT}/Target Support Files/Pods-SpaceXLatestLaunch-SpaceXLatestLaunchUITests/Pods-SpaceXLatestLaunch-SpaceXLatestLaunchUITests-frameworks-${CONFIGURATION}-output-files.xcfilelist",
			);
			runOnlyForDeploymentPostprocessing = 0;
			shellPath = /bin/sh;
			shellScript = "\"${PODS_ROOT}/Target Support Files/Pods-SpaceXLatestLaunch-SpaceXLatestLaunchUITests/Pods-SpaceXLatestLaunch-SpaceXLatestLaunchUITests-frameworks.sh\"\n";
			showEnvVarsInLog = 0;
		};
		C77672E7169D3C5214FC8351 /* [CP] Check Pods Manifest.lock */ = {
			isa = PBXShellScriptBuildPhase;
			buildActionMask = 2147483647;
			files = (
			);
			inputFileListPaths = (
			);
			inputPaths = (
				"${PODS_PODFILE_DIR_PATH}/Podfile.lock",
				"${PODS_ROOT}/Manifest.lock",
			);
			name = "[CP] Check Pods Manifest.lock";
			outputFileListPaths = (
			);
			outputPaths = (
				"$(DERIVED_FILE_DIR)/Pods-SpaceXLatestLaunch-SpaceXLatestLaunchUITests-checkManifestLockResult.txt",
			);
			runOnlyForDeploymentPostprocessing = 0;
			shellPath = /bin/sh;
			shellScript = "diff \"${PODS_PODFILE_DIR_PATH}/Podfile.lock\" \"${PODS_ROOT}/Manifest.lock\" > /dev/null\nif [ $? != 0 ] ; then\n    # print error to STDERR\n    echo \"error: The sandbox is not in sync with the Podfile.lock. Run 'pod install' or update your CocoaPods installation.\" >&2\n    exit 1\nfi\n# This output is used by Xcode 'outputs' to avoid re-running this script phase.\necho \"SUCCESS\" > \"${SCRIPT_OUTPUT_FILE_0}\"\n";
			showEnvVarsInLog = 0;
		};
		E61579E938CF2D8649C3B930 /* [CP] Check Pods Manifest.lock */ = {
			isa = PBXShellScriptBuildPhase;
			buildActionMask = 2147483647;
			files = (
			);
			inputFileListPaths = (
			);
			inputPaths = (
				"${PODS_PODFILE_DIR_PATH}/Podfile.lock",
				"${PODS_ROOT}/Manifest.lock",
			);
			name = "[CP] Check Pods Manifest.lock";
			outputFileListPaths = (
			);
			outputPaths = (
				"$(DERIVED_FILE_DIR)/Pods-SpaceXLatestLaunchTests-checkManifestLockResult.txt",
			);
			runOnlyForDeploymentPostprocessing = 0;
			shellPath = /bin/sh;
			shellScript = "diff \"${PODS_PODFILE_DIR_PATH}/Podfile.lock\" \"${PODS_ROOT}/Manifest.lock\" > /dev/null\nif [ $? != 0 ] ; then\n    # print error to STDERR\n    echo \"error: The sandbox is not in sync with the Podfile.lock. Run 'pod install' or update your CocoaPods installation.\" >&2\n    exit 1\nfi\n# This output is used by Xcode 'outputs' to avoid re-running this script phase.\necho \"SUCCESS\" > \"${SCRIPT_OUTPUT_FILE_0}\"\n";
			showEnvVarsInLog = 0;
		};
/* End PBXShellScriptBuildPhase section */

/* Begin PBXSourcesBuildPhase section */
		B54155312AC6D4150000EA4D /* Sources */ = {
			isa = PBXSourcesBuildPhase;
			buildActionMask = 2147483647;
			files = (
				B566616D2AC71257000BE17D /* LaunchPadsModel.swift in Sources */,
				B541553D2AC6D4150000EA4D /* ViewController.swift in Sources */,
				B5BAB00D2AC93124007959EC /* LaunchpadView.swift in Sources */,
				B566617D2AC7687B000BE17D /* LaunchCases.swift in Sources */,
				B56661812AC76A29000BE17D /* CGFloat+Ext.swift in Sources */,
				B5E73C692AC950160099AACD /* CrewViewCell.swift in Sources */,
				B56661612AC6F300000BE17D /* LatestLaunchesModel.swift in Sources */,
				B56661782AC75FDC000BE17D /* NetworkingProtocol.swift in Sources */,
				B54155722AC6DA800000EA4D /* EndpointConfiguration.swift in Sources */,
				B56661592AC6EBDB000BE17D /* LoadingVC.swift in Sources */,
				B56661852AC802FB000BE17D /* String+Ext.swift in Sources */,
				B541556A2AC6D96D0000EA4D /* HomeVC.swift in Sources */,
				B56661832AC8020F000BE17D /* Date+Ext.swift in Sources */,
				B5C02CDD2ACADC7A00C1E193 /* LaunchView.swift in Sources */,
				B541556D2AC6DA120000EA4D /* Constants.swift in Sources */,
				B56661762AC74D51000BE17D /* HomeDS.swift in Sources */,
				B5BAB0072AC9307D007959EC /* CrewView.swift in Sources */,
				B56661652AC6F75C000BE17D /* Routers.swift in Sources */,
				B54155702AC6DA540000EA4D /* Networking.swift in Sources */,
				B5E73C6C2AC965A90099AACD /* RocketViewCell.swift in Sources */,
				B56661692AC70E66000BE17D /* CrewModel.swift in Sources */,
				B56661722AC74CEB000BE17D /* StatefulDS.swift in Sources */,
				B56661532AC6EB21000BE17D /* LottieManager.swift in Sources */,
				B5C02CE12ACADD3700C1E193 /* LatestLaunchManager.swift in Sources */,
				B56661672AC70A9F000BE17D /* RocketModel.swift in Sources */,
				B5BAB0092AC930D9007959EC /* RocketView.swift in Sources */,
				B56661512AC6E640000BE17D /* ConnectionManager.swift in Sources */,
				B5BAB0022AC91B71007959EC /* CommonCell.swift in Sources */,
				B54155742AC6DABB0000EA4D /* CustomHTTPHeader.swift in Sources */,
				B56661552AC6EB7B000BE17D /* LoadingManager.swift in Sources */,
				B566617B2AC76780000BE17D /* MainCell.swift in Sources */,
				B566615C2AC6F0CD000BE17D /* UIApplication+Ext.swift in Sources */,
				B5BAB0052AC9222F007959EC /* CommonTitleView.swift in Sources */,
				B5E73C6E2AC96BE20099AACD /* UIView+Ext.swift in Sources */,
				B566617F2AC76A02000BE17D /* PaddingType.swift in Sources */,
				B56661742AC74D26000BE17D /* HomeVM.swift in Sources */,
				B566614E2AC6E12C000BE17D /* NetworkError.swift in Sources */,
				B56661702AC74CD0000BE17D /* StatefulVM.swift in Sources */,
				B566616B2AC70F2B000BE17D /* CapsuleModel.swift in Sources */,
				B5C02CDF2ACADCE600C1E193 /* UserDefaultsManager.swift in Sources */,
				B54155392AC6D4150000EA4D /* AppDelegate.swift in Sources */,
				B541553B2AC6D4150000EA4D /* SceneDelegate.swift in Sources */,
				B5E73C892AC9ECC00099AACD /* LockscreenWidgets.intentdefinition in Sources */,
			);
			runOnlyForDeploymentPostprocessing = 0;
		};
		B54155472AC6D4160000EA4D /* Sources */ = {
			isa = PBXSourcesBuildPhase;
			buildActionMask = 2147483647;
			files = (
				B5E73C732AC9C4820099AACD /* MockNetworking.swift in Sources */,
				B54155502AC6D4160000EA4D /* SpaceXLatestLaunchTests.swift in Sources */,
				B5E73C712AC9C4370099AACD /* MockHomeVC.swift in Sources */,
			);
			runOnlyForDeploymentPostprocessing = 0;
		};
		B54155512AC6D4160000EA4D /* Sources */ = {
			isa = PBXSourcesBuildPhase;
			buildActionMask = 2147483647;
			files = (
				B541555C2AC6D4160000EA4D /* SpaceXLatestLaunchUITestsLaunchTests.swift in Sources */,
				B541555A2AC6D4160000EA4D /* SpaceXLatestLaunchUITests.swift in Sources */,
			);
			runOnlyForDeploymentPostprocessing = 0;
		};
		B5E73C742AC9ECBD0099AACD /* Sources */ = {
			isa = PBXSourcesBuildPhase;
			buildActionMask = 2147483647;
			files = (
				B5E73C7F2AC9ECBE0099AACD /* LockscreenWidgetsBundle.swift in Sources */,
				B5E73C812AC9ECBE0099AACD /* LockscreenWidgetsLiveActivity.swift in Sources */,
				B5E73C832AC9ECBE0099AACD /* LockscreenWidgets.swift in Sources */,
				B5E73C882AC9ECC00099AACD /* LockscreenWidgets.intentdefinition in Sources */,
			);
			runOnlyForDeploymentPostprocessing = 0;
		};
/* End PBXSourcesBuildPhase section */

/* Begin PBXTargetDependency section */
		B541554D2AC6D4160000EA4D /* PBXTargetDependency */ = {
			isa = PBXTargetDependency;
			target = B54155342AC6D4150000EA4D /* SpaceXLatestLaunch */;
			targetProxy = B541554C2AC6D4160000EA4D /* PBXContainerItemProxy */;
		};
		B54155572AC6D4160000EA4D /* PBXTargetDependency */ = {
			isa = PBXTargetDependency;
			target = B54155342AC6D4150000EA4D /* SpaceXLatestLaunch */;
			targetProxy = B54155562AC6D4160000EA4D /* PBXContainerItemProxy */;
		};
		B5E73C8B2AC9ECC00099AACD /* PBXTargetDependency */ = {
			isa = PBXTargetDependency;
			target = B5E73C772AC9ECBD0099AACD /* LockscreenWidgetsExtension */;
			targetProxy = B5E73C8A2AC9ECC00099AACD /* PBXContainerItemProxy */;
		};
/* End PBXTargetDependency section */

/* Begin PBXVariantGroup section */
		B541553E2AC6D4150000EA4D /* Main.storyboard */ = {
			isa = PBXVariantGroup;
			children = (
				B541553F2AC6D4150000EA4D /* Base */,
			);
			name = Main.storyboard;
			sourceTree = "<group>";
		};
		B54155432AC6D4160000EA4D /* LaunchScreen.storyboard */ = {
			isa = PBXVariantGroup;
			children = (
				B54155442AC6D4160000EA4D /* Base */,
			);
			name = LaunchScreen.storyboard;
			sourceTree = "<group>";
		};
/* End PBXVariantGroup section */

/* Begin XCBuildConfiguration section */
		B541555D2AC6D4160000EA4D /* Debug */ = {
			isa = XCBuildConfiguration;
			buildSettings = {
				ALWAYS_SEARCH_USER_PATHS = NO;
				CLANG_ANALYZER_NONNULL = YES;
				CLANG_ANALYZER_NUMBER_OBJECT_CONVERSION = YES_AGGRESSIVE;
				CLANG_CXX_LANGUAGE_STANDARD = "gnu++20";
				CLANG_ENABLE_MODULES = YES;
				CLANG_ENABLE_OBJC_ARC = YES;
				CLANG_ENABLE_OBJC_WEAK = YES;
				CLANG_WARN_BLOCK_CAPTURE_AUTORELEASING = YES;
				CLANG_WARN_BOOL_CONVERSION = YES;
				CLANG_WARN_COMMA = YES;
				CLANG_WARN_CONSTANT_CONVERSION = YES;
				CLANG_WARN_DEPRECATED_OBJC_IMPLEMENTATIONS = YES;
				CLANG_WARN_DIRECT_OBJC_ISA_USAGE = YES_ERROR;
				CLANG_WARN_DOCUMENTATION_COMMENTS = YES;
				CLANG_WARN_EMPTY_BODY = YES;
				CLANG_WARN_ENUM_CONVERSION = YES;
				CLANG_WARN_INFINITE_RECURSION = YES;
				CLANG_WARN_INT_CONVERSION = YES;
				CLANG_WARN_NON_LITERAL_NULL_CONVERSION = YES;
				CLANG_WARN_OBJC_IMPLICIT_RETAIN_SELF = YES;
				CLANG_WARN_OBJC_LITERAL_CONVERSION = YES;
				CLANG_WARN_OBJC_ROOT_CLASS = YES_ERROR;
				CLANG_WARN_QUOTED_INCLUDE_IN_FRAMEWORK_HEADER = YES;
				CLANG_WARN_RANGE_LOOP_ANALYSIS = YES;
				CLANG_WARN_STRICT_PROTOTYPES = YES;
				CLANG_WARN_SUSPICIOUS_MOVE = YES;
				CLANG_WARN_UNGUARDED_AVAILABILITY = YES_AGGRESSIVE;
				CLANG_WARN_UNREACHABLE_CODE = YES;
				CLANG_WARN__DUPLICATE_METHOD_MATCH = YES;
				COPY_PHASE_STRIP = NO;
				DEBUG_INFORMATION_FORMAT = dwarf;
				ENABLE_STRICT_OBJC_MSGSEND = YES;
				ENABLE_TESTABILITY = YES;
				GCC_C_LANGUAGE_STANDARD = gnu11;
				GCC_DYNAMIC_NO_PIC = NO;
				GCC_NO_COMMON_BLOCKS = YES;
				GCC_OPTIMIZATION_LEVEL = 0;
				GCC_PREPROCESSOR_DEFINITIONS = (
					"DEBUG=1",
					"$(inherited)",
				);
				GCC_WARN_64_TO_32_BIT_CONVERSION = YES;
				GCC_WARN_ABOUT_RETURN_TYPE = YES_ERROR;
				GCC_WARN_UNDECLARED_SELECTOR = YES;
				GCC_WARN_UNINITIALIZED_AUTOS = YES_AGGRESSIVE;
				GCC_WARN_UNUSED_FUNCTION = YES;
				GCC_WARN_UNUSED_VARIABLE = YES;
				IPHONEOS_DEPLOYMENT_TARGET = 16.2;
				MTL_ENABLE_DEBUG_INFO = INCLUDE_SOURCE;
				MTL_FAST_MATH = YES;
				ONLY_ACTIVE_ARCH = YES;
				SDKROOT = iphoneos;
				SWIFT_ACTIVE_COMPILATION_CONDITIONS = DEBUG;
				SWIFT_OPTIMIZATION_LEVEL = "-Onone";
			};
			name = Debug;
		};
		B541555E2AC6D4160000EA4D /* Release */ = {
			isa = XCBuildConfiguration;
			buildSettings = {
				ALWAYS_SEARCH_USER_PATHS = NO;
				CLANG_ANALYZER_NONNULL = YES;
				CLANG_ANALYZER_NUMBER_OBJECT_CONVERSION = YES_AGGRESSIVE;
				CLANG_CXX_LANGUAGE_STANDARD = "gnu++20";
				CLANG_ENABLE_MODULES = YES;
				CLANG_ENABLE_OBJC_ARC = YES;
				CLANG_ENABLE_OBJC_WEAK = YES;
				CLANG_WARN_BLOCK_CAPTURE_AUTORELEASING = YES;
				CLANG_WARN_BOOL_CONVERSION = YES;
				CLANG_WARN_COMMA = YES;
				CLANG_WARN_CONSTANT_CONVERSION = YES;
				CLANG_WARN_DEPRECATED_OBJC_IMPLEMENTATIONS = YES;
				CLANG_WARN_DIRECT_OBJC_ISA_USAGE = YES_ERROR;
				CLANG_WARN_DOCUMENTATION_COMMENTS = YES;
				CLANG_WARN_EMPTY_BODY = YES;
				CLANG_WARN_ENUM_CONVERSION = YES;
				CLANG_WARN_INFINITE_RECURSION = YES;
				CLANG_WARN_INT_CONVERSION = YES;
				CLANG_WARN_NON_LITERAL_NULL_CONVERSION = YES;
				CLANG_WARN_OBJC_IMPLICIT_RETAIN_SELF = YES;
				CLANG_WARN_OBJC_LITERAL_CONVERSION = YES;
				CLANG_WARN_OBJC_ROOT_CLASS = YES_ERROR;
				CLANG_WARN_QUOTED_INCLUDE_IN_FRAMEWORK_HEADER = YES;
				CLANG_WARN_RANGE_LOOP_ANALYSIS = YES;
				CLANG_WARN_STRICT_PROTOTYPES = YES;
				CLANG_WARN_SUSPICIOUS_MOVE = YES;
				CLANG_WARN_UNGUARDED_AVAILABILITY = YES_AGGRESSIVE;
				CLANG_WARN_UNREACHABLE_CODE = YES;
				CLANG_WARN__DUPLICATE_METHOD_MATCH = YES;
				COPY_PHASE_STRIP = NO;
				DEBUG_INFORMATION_FORMAT = "dwarf-with-dsym";
				ENABLE_NS_ASSERTIONS = NO;
				ENABLE_STRICT_OBJC_MSGSEND = YES;
				GCC_C_LANGUAGE_STANDARD = gnu11;
				GCC_NO_COMMON_BLOCKS = YES;
				GCC_WARN_64_TO_32_BIT_CONVERSION = YES;
				GCC_WARN_ABOUT_RETURN_TYPE = YES_ERROR;
				GCC_WARN_UNDECLARED_SELECTOR = YES;
				GCC_WARN_UNINITIALIZED_AUTOS = YES_AGGRESSIVE;
				GCC_WARN_UNUSED_FUNCTION = YES;
				GCC_WARN_UNUSED_VARIABLE = YES;
				IPHONEOS_DEPLOYMENT_TARGET = 16.2;
				MTL_ENABLE_DEBUG_INFO = NO;
				MTL_FAST_MATH = YES;
				SDKROOT = iphoneos;
				SWIFT_COMPILATION_MODE = wholemodule;
				SWIFT_OPTIMIZATION_LEVEL = "-O";
				VALIDATE_PRODUCT = YES;
			};
			name = Release;
		};
		B54155602AC6D4160000EA4D /* Debug */ = {
			isa = XCBuildConfiguration;
			baseConfigurationReference = 43386E6D92F673D352F9E304 /* Pods-SpaceXLatestLaunch.debug.xcconfig */;
			buildSettings = {
				ALWAYS_EMBED_SWIFT_STANDARD_LIBRARIES = YES;
				ASSETCATALOG_COMPILER_APPICON_NAME = AppIcon;
				ASSETCATALOG_COMPILER_GLOBAL_ACCENT_COLOR_NAME = AccentColor;
				CODE_SIGN_STYLE = Automatic;
				CURRENT_PROJECT_VERSION = 1;
				GENERATE_INFOPLIST_FILE = YES;
				INFOPLIST_FILE = SpaceXLatestLaunch/Info.plist;
				INFOPLIST_KEY_UIApplicationSupportsIndirectInputEvents = YES;
				INFOPLIST_KEY_UILaunchStoryboardName = LaunchScreen;
				INFOPLIST_KEY_UIMainStoryboardFile = Main;
				INFOPLIST_KEY_UISupportedInterfaceOrientations_iPad = "UIInterfaceOrientationPortrait UIInterfaceOrientationPortraitUpsideDown UIInterfaceOrientationLandscapeLeft UIInterfaceOrientationLandscapeRight";
				INFOPLIST_KEY_UISupportedInterfaceOrientations_iPhone = "UIInterfaceOrientationPortrait UIInterfaceOrientationLandscapeLeft UIInterfaceOrientationLandscapeRight";
				LD_RUNPATH_SEARCH_PATHS = (
					"$(inherited)",
					"@executable_path/Frameworks",
				);
				MARKETING_VERSION = 1.0;
				PRODUCT_BUNDLE_IDENTIFIER = MmtDrn.SpaceXLatestLaunch;
				PRODUCT_NAME = "$(TARGET_NAME)";
				SWIFT_EMIT_LOC_STRINGS = YES;
				SWIFT_VERSION = 5.0;
				TARGETED_DEVICE_FAMILY = "1,2";
			};
			name = Debug;
		};
		B54155612AC6D4160000EA4D /* Release */ = {
			isa = XCBuildConfiguration;
			baseConfigurationReference = 7B277168EDF6D0872A36FC00 /* Pods-SpaceXLatestLaunch.release.xcconfig */;
			buildSettings = {
				ALWAYS_EMBED_SWIFT_STANDARD_LIBRARIES = YES;
				ASSETCATALOG_COMPILER_APPICON_NAME = AppIcon;
				ASSETCATALOG_COMPILER_GLOBAL_ACCENT_COLOR_NAME = AccentColor;
				CODE_SIGN_STYLE = Automatic;
				CURRENT_PROJECT_VERSION = 1;
				GENERATE_INFOPLIST_FILE = YES;
				INFOPLIST_FILE = SpaceXLatestLaunch/Info.plist;
				INFOPLIST_KEY_UIApplicationSupportsIndirectInputEvents = YES;
				INFOPLIST_KEY_UILaunchStoryboardName = LaunchScreen;
				INFOPLIST_KEY_UIMainStoryboardFile = Main;
				INFOPLIST_KEY_UISupportedInterfaceOrientations_iPad = "UIInterfaceOrientationPortrait UIInterfaceOrientationPortraitUpsideDown UIInterfaceOrientationLandscapeLeft UIInterfaceOrientationLandscapeRight";
				INFOPLIST_KEY_UISupportedInterfaceOrientations_iPhone = "UIInterfaceOrientationPortrait UIInterfaceOrientationLandscapeLeft UIInterfaceOrientationLandscapeRight";
				LD_RUNPATH_SEARCH_PATHS = (
					"$(inherited)",
					"@executable_path/Frameworks",
				);
				MARKETING_VERSION = 1.0;
				PRODUCT_BUNDLE_IDENTIFIER = MmtDrn.SpaceXLatestLaunch;
				PRODUCT_NAME = "$(TARGET_NAME)";
				SWIFT_EMIT_LOC_STRINGS = YES;
				SWIFT_VERSION = 5.0;
				TARGETED_DEVICE_FAMILY = "1,2";
			};
			name = Release;
		};
		B54155632AC6D4160000EA4D /* Debug */ = {
			isa = XCBuildConfiguration;
			baseConfigurationReference = FF721C9262663BC336F2A81C /* Pods-SpaceXLatestLaunchTests.debug.xcconfig */;
			buildSettings = {
				ALWAYS_EMBED_SWIFT_STANDARD_LIBRARIES = YES;
				BUNDLE_LOADER = "$(TEST_HOST)";
				CODE_SIGN_STYLE = Automatic;
				CURRENT_PROJECT_VERSION = 1;
				GENERATE_INFOPLIST_FILE = YES;
				IPHONEOS_DEPLOYMENT_TARGET = 16.2;
				MARKETING_VERSION = 1.0;
				PRODUCT_BUNDLE_IDENTIFIER = MmtDrn.SpaceXLatestLaunchTests;
				PRODUCT_NAME = "$(TARGET_NAME)";
				SWIFT_EMIT_LOC_STRINGS = NO;
				SWIFT_VERSION = 5.0;
				TARGETED_DEVICE_FAMILY = "1,2";
				TEST_HOST = "$(BUILT_PRODUCTS_DIR)/SpaceXLatestLaunch.app/$(BUNDLE_EXECUTABLE_FOLDER_PATH)/SpaceXLatestLaunch";
			};
			name = Debug;
		};
		B54155642AC6D4160000EA4D /* Release */ = {
			isa = XCBuildConfiguration;
			baseConfigurationReference = 0D6AF15937BC2C4219BF0769 /* Pods-SpaceXLatestLaunchTests.release.xcconfig */;
			buildSettings = {
				ALWAYS_EMBED_SWIFT_STANDARD_LIBRARIES = YES;
				BUNDLE_LOADER = "$(TEST_HOST)";
				CODE_SIGN_STYLE = Automatic;
				CURRENT_PROJECT_VERSION = 1;
				GENERATE_INFOPLIST_FILE = YES;
				IPHONEOS_DEPLOYMENT_TARGET = 16.2;
				MARKETING_VERSION = 1.0;
				PRODUCT_BUNDLE_IDENTIFIER = MmtDrn.SpaceXLatestLaunchTests;
				PRODUCT_NAME = "$(TARGET_NAME)";
				SWIFT_EMIT_LOC_STRINGS = NO;
				SWIFT_VERSION = 5.0;
				TARGETED_DEVICE_FAMILY = "1,2";
				TEST_HOST = "$(BUILT_PRODUCTS_DIR)/SpaceXLatestLaunch.app/$(BUNDLE_EXECUTABLE_FOLDER_PATH)/SpaceXLatestLaunch";
			};
			name = Release;
		};
		B54155662AC6D4160000EA4D /* Debug */ = {
			isa = XCBuildConfiguration;
			baseConfigurationReference = 5265526FCD9F28B338815060 /* Pods-SpaceXLatestLaunch-SpaceXLatestLaunchUITests.debug.xcconfig */;
			buildSettings = {
				ALWAYS_EMBED_SWIFT_STANDARD_LIBRARIES = YES;
				CODE_SIGN_STYLE = Automatic;
				CURRENT_PROJECT_VERSION = 1;
				GENERATE_INFOPLIST_FILE = YES;
				MARKETING_VERSION = 1.0;
				PRODUCT_BUNDLE_IDENTIFIER = MmtDrn.SpaceXLatestLaunchUITests;
				PRODUCT_NAME = "$(TARGET_NAME)";
				SWIFT_EMIT_LOC_STRINGS = NO;
				SWIFT_VERSION = 5.0;
				TARGETED_DEVICE_FAMILY = "1,2";
				TEST_TARGET_NAME = SpaceXLatestLaunch;
			};
			name = Debug;
		};
		B54155672AC6D4160000EA4D /* Release */ = {
			isa = XCBuildConfiguration;
			baseConfigurationReference = B4DD1869A2B7375D367CDF1F /* Pods-SpaceXLatestLaunch-SpaceXLatestLaunchUITests.release.xcconfig */;
			buildSettings = {
				ALWAYS_EMBED_SWIFT_STANDARD_LIBRARIES = YES;
				CODE_SIGN_STYLE = Automatic;
				CURRENT_PROJECT_VERSION = 1;
				GENERATE_INFOPLIST_FILE = YES;
				MARKETING_VERSION = 1.0;
				PRODUCT_BUNDLE_IDENTIFIER = MmtDrn.SpaceXLatestLaunchUITests;
				PRODUCT_NAME = "$(TARGET_NAME)";
				SWIFT_EMIT_LOC_STRINGS = NO;
				SWIFT_VERSION = 5.0;
				TARGETED_DEVICE_FAMILY = "1,2";
				TEST_TARGET_NAME = SpaceXLatestLaunch;
			};
			name = Release;
		};
		B5E73C8E2AC9ECC10099AACD /* Debug */ = {
			isa = XCBuildConfiguration;
			buildSettings = {
				ASSETCATALOG_COMPILER_GLOBAL_ACCENT_COLOR_NAME = AccentColor;
				ASSETCATALOG_COMPILER_WIDGET_BACKGROUND_COLOR_NAME = WidgetBackground;
				CODE_SIGN_STYLE = Automatic;
				CURRENT_PROJECT_VERSION = 1;
				GENERATE_INFOPLIST_FILE = YES;
				INFOPLIST_FILE = LockscreenWidgets/Info.plist;
				INFOPLIST_KEY_CFBundleDisplayName = LockscreenWidgets;
				INFOPLIST_KEY_NSHumanReadableCopyright = "";
				LD_RUNPATH_SEARCH_PATHS = (
					"$(inherited)",
					"@executable_path/Frameworks",
					"@executable_path/../../Frameworks",
				);
				MARKETING_VERSION = 1.0;
				PRODUCT_BUNDLE_IDENTIFIER = MmtDrn.SpaceXLatestLaunch.LockscreenWidgets;
				PRODUCT_NAME = "$(TARGET_NAME)";
				SKIP_INSTALL = YES;
				SWIFT_EMIT_LOC_STRINGS = YES;
				SWIFT_VERSION = 5.0;
				TARGETED_DEVICE_FAMILY = "1,2";
			};
			name = Debug;
		};
		B5E73C8F2AC9ECC10099AACD /* Release */ = {
			isa = XCBuildConfiguration;
			buildSettings = {
				ASSETCATALOG_COMPILER_GLOBAL_ACCENT_COLOR_NAME = AccentColor;
				ASSETCATALOG_COMPILER_WIDGET_BACKGROUND_COLOR_NAME = WidgetBackground;
				CODE_SIGN_STYLE = Automatic;
				CURRENT_PROJECT_VERSION = 1;
				GENERATE_INFOPLIST_FILE = YES;
				INFOPLIST_FILE = LockscreenWidgets/Info.plist;
				INFOPLIST_KEY_CFBundleDisplayName = LockscreenWidgets;
				INFOPLIST_KEY_NSHumanReadableCopyright = "";
				LD_RUNPATH_SEARCH_PATHS = (
					"$(inherited)",
					"@executable_path/Frameworks",
					"@executable_path/../../Frameworks",
				);
				MARKETING_VERSION = 1.0;
				PRODUCT_BUNDLE_IDENTIFIER = MmtDrn.SpaceXLatestLaunch.LockscreenWidgets;
				PRODUCT_NAME = "$(TARGET_NAME)";
				SKIP_INSTALL = YES;
				SWIFT_EMIT_LOC_STRINGS = YES;
				SWIFT_VERSION = 5.0;
				TARGETED_DEVICE_FAMILY = "1,2";
			};
			name = Release;
		};
/* End XCBuildConfiguration section */

/* Begin XCConfigurationList section */
		B54155302AC6D4150000EA4D /* Build configuration list for PBXProject "SpaceXLatestLaunch" */ = {
			isa = XCConfigurationList;
			buildConfigurations = (
				B541555D2AC6D4160000EA4D /* Debug */,
				B541555E2AC6D4160000EA4D /* Release */,
			);
			defaultConfigurationIsVisible = 0;
			defaultConfigurationName = Release;
		};
		B541555F2AC6D4160000EA4D /* Build configuration list for PBXNativeTarget "SpaceXLatestLaunch" */ = {
			isa = XCConfigurationList;
			buildConfigurations = (
				B54155602AC6D4160000EA4D /* Debug */,
				B54155612AC6D4160000EA4D /* Release */,
			);
			defaultConfigurationIsVisible = 0;
			defaultConfigurationName = Release;
		};
		B54155622AC6D4160000EA4D /* Build configuration list for PBXNativeTarget "SpaceXLatestLaunchTests" */ = {
			isa = XCConfigurationList;
			buildConfigurations = (
				B54155632AC6D4160000EA4D /* Debug */,
				B54155642AC6D4160000EA4D /* Release */,
			);
			defaultConfigurationIsVisible = 0;
			defaultConfigurationName = Release;
		};
		B54155652AC6D4160000EA4D /* Build configuration list for PBXNativeTarget "SpaceXLatestLaunchUITests" */ = {
			isa = XCConfigurationList;
			buildConfigurations = (
				B54155662AC6D4160000EA4D /* Debug */,
				B54155672AC6D4160000EA4D /* Release */,
			);
			defaultConfigurationIsVisible = 0;
			defaultConfigurationName = Release;
		};
		B5E73C8D2AC9ECC10099AACD /* Build configuration list for PBXNativeTarget "LockscreenWidgetsExtension" */ = {
			isa = XCConfigurationList;
			buildConfigurations = (
				B5E73C8E2AC9ECC10099AACD /* Debug */,
				B5E73C8F2AC9ECC10099AACD /* Release */,
			);
			defaultConfigurationIsVisible = 0;
			defaultConfigurationName = Release;
		};
/* End XCConfigurationList section */
	};
	rootObject = B541552D2AC6D4150000EA4D /* Project object */;
}
